{
    "_meta": {
        "hash": {
            "sha256": "decf4ae540fe315f815689dc6259e4917a1e9093805e1459b34ea0fa05bc333d"
        },
        "pipfile-spec": 6,
        "requires": {
            "python_version": "3.6"
        },
        "sources": [
            {
                "name": "pypi",
                "url": "https://pypi.python.org/simple",
                "verify_ssl": true
            }
        ]
    },
    "default": {
        "certifi": {
            "hashes": [
                "sha256:e4f3620cfea4f83eedc95b24abd9cd56f3c4b146dd0177e83a21b4eb49e21e50",
                "sha256:fd7c7c74727ddcf00e9acd26bba8da604ffec95bf1c2144e67aff7a8b50e6cef"
            ],
            "version": "==2019.9.11"
        },
        "chardet": {
            "hashes": [
                "sha256:84ab92ed1c4d4f16916e05906b6b75a6c0fb5db821cc65e70cbd64a3e2a5eaae",
                "sha256:fc323ffcaeaed0e0a02bf4d117757b98aed530d9ed4531e3e15460124c106691"
            ],
            "version": "==3.0.4"
        },
        "cython": {
            "hashes": [
                "sha256:03db8c1b8120039f72493b95494a595be13b01b6860cfc93e2a651a001847b3b",
                "sha256:0d2ccb812d73e67557fd16e7aa7bc5bac18933c1dfe306133cd0680ccab89f33",
                "sha256:24f8ea864de733f5a447896cbeec2cac212247e33272539670b9f466f43f23db",
                "sha256:30a8fd029eb932a7b5a74e158316d1d069ccb67a8607aa7b6c4ed19fab7fbd4a",
                "sha256:37e680901e6a4b97ab67717f9b43fc58542cd10a77431efd2d8801d21d5a37d4",
                "sha256:4984e097bc9da37862d97c1f66dacf2c80fadaea488d96ba0b5ea9d84dbc7521",
                "sha256:4cfda677227af41e4502e088ee9875e71922238a207d0c40785a0fb09c703c21",
                "sha256:4ec60a4086a175a81b9258f810440a6dd2671aa4b419d8248546d85a7de6a93f",
                "sha256:51c7d48ea4cba532d11a6d128ebbc15373013f816e5d1c3a3946650b582a30b8",
                "sha256:634e2f10fc8d026c633cffacb45cd8f4582149fa68e1428124e762dbc566e68a",
                "sha256:67e0359709c8addc3ecb19e1dec6d84d67647e3906da618b953001f6d4480275",
                "sha256:6a93d4ba0461edc7a359241f4ebbaa8f9bc9490b3540a8dd0460bef8c2c706db",
                "sha256:6ba89d56c3ee45716378cda4f0490c3abe1edf79dce8b997f31608b14748a52b",
                "sha256:6ca5436d470584ba6fd399a802c9d0bcf76cf1edb0123725a4de2f0048f9fa07",
                "sha256:7656895cdd59d56dd4ed326d1ee9ede727020d4a5d8778a05af2d8e25af4b13d",
                "sha256:85f7432776870d65639fed00f951a3c05ef1e534bc72a73cd1200d79b9a7d7d0",
                "sha256:96dd674e72281d3feed74fd5adcf0514ba02884f123cdf4fb78567e7be6b1694",
                "sha256:97bf06a89bcf9e8d7633cde89274d42b3b661dc974b58fca066fad762e46b4d8",
                "sha256:9a465e7296a4629139be5d2015577f2ae5e08196eb7dc4c407beea130f362dc3",
                "sha256:9a60355edca1cc9006be086e2633e190542aad2bf9e46948792a48b3ae28ed97",
                "sha256:9eab3696f2cb88167db109d737c787fb9dd34ca414bd1e0c424e307956e02c94",
                "sha256:c3ae7d40ebceb0d944dfeeceaf1fbf17e528f5327d97b008a8623ddddd1ecee3",
                "sha256:c623d19fcc60ea27882f20cf484218926ddf6f978b958dae1070600a1974f809",
                "sha256:c719a6e86d7c737afcc9729994f76b284d1c512099ee803eff11c2a9e6e33a42",
                "sha256:cf17af0433218a1e33dc6f3069dd9e7cd0c80fe505972c3acd548e25f67973fd",
                "sha256:daf96e0d232605e979995795f62ffd24c5c6ecea4526e4cbb86d80f01da954b2",
                "sha256:db40de7d03842d3c4625028a74189ade52b27f8efaeb0d2ca06474f57e0813b2",
                "sha256:deea1ef59445568dd7738fa3913aea7747e4927ff4ae3c10737844b8a5dd3e22",
                "sha256:e05d28b5ce1ee5939d83e50344980659688ecaed65c5e10214d817ecf5d1fe6a",
                "sha256:f5f6694ce668eb7a9b59550bfe4265258809c9b0665c206b26d697df2eef2a8b"
            ],
            "index": "pypi",
            "version": "==0.28.2"
        },
        "docutils": {
            "hashes": [
                "sha256:6c4f696463b79f1fb8ba0c594b63840ebd41f059e92b31957c46b74a4599b6d0",
                "sha256:9e4d7ecfc600058e07ba661411a2b7de2fd0fafa17d1a7f7361cd47b1175c827",
                "sha256:a2aeea129088da402665e92e0b25b04b073c04b2dce4ab65caaa38b7ce2e1a99"
            ],
            "version": "==0.15.2"
        },
        "idna": {
            "hashes": [
                "sha256:c357b3f628cf53ae2c4c05627ecc484553142ca23264e593d327bcde5e9c3407",
                "sha256:ea8b7f6188e6fa117537c3df7da9fc686d485087abf6ac197f9c46432f7e4a3c"
            ],
            "version": "==2.8"
        },
        "kivy": {
            "hashes": [
                "sha256:11e60c5d2b3ec206b4c6345b821cd2bcbef76c004335fe55cdf3785c1a20e792",
                "sha256:28c180fd5e4538858f0d2b3dde53c123d3a898d3ac7fba512bf3b83d0dfc248d",
                "sha256:5385b4668e045ca25392db5ec29e356bfb76938485c0f19a602e9a0e548164ae",
                "sha256:92e22cc5e865aa2dba663e5bc3928a49d137030722295c0ee6648d1807fb6a73",
                "sha256:9cee64cc95bbd619941f8c95816d76798797b5d2d2fb16fdf3dab63827e5c65c",
                "sha256:b1b072bc8ed7158b280b786548ea050235d4ddd5989eb1503372f2043cd883c5",
                "sha256:b924f8b37bb7dbdd4ea2dcc84ca04900b75da69f89a0cbe8af1d21e75553be41",
                "sha256:cdc2401d88f1d8a689cdb4f72f77327665a9e4921252df6642418be05c94b20e",
                "sha256:f87b49b72beed3942723e3dc8d46844a1b600bfdb0c160c35f8a699fa57e6c53"
            ],
            "index": "pypi",
            "version": "==1.10.0"
        },
        "kivy-garden": {
            "hashes": [
                "sha256:c256f42788421273a08fbb0a228f0fb0e80dd86b629fb8c0920507f645be6c72"
            ],
            "version": "==0.1.4"
        },
        "pygame": {
            "hashes": [
                "sha256:22d5195a72b9a300cb7e87d7bde1373930a02b1054e95bc431d26a321ae15d07",
                "sha256:2a8292d0b5a67e0b96d2cae09bbd8252e99daffe95fd88a00166b92fb6497b40",
                "sha256:2ee479b0120cc82f04f7c41a09d75fc85c9992ed1a26c9527fb2b7b0637e6739",
                "sha256:4847550da37d3bc702e0201a035de005f184b19e86625a3c70ab1d318317ee91",
                "sha256:4d4985d0e0e5470c5ef872d65a863f1722d85a136327eb3bb5dcafc2853f2e55",
                "sha256:5cf670378c8aabdf1bdf283eeec690c93f95dfe8de77c66bc837c91274c8ca49",
                "sha256:643de45518d11cb7784e3fe77aef43fe3cb7e0d6b495ad4361ade931f16c334b",
                "sha256:66746c32d21d8193ab066fdf90da96ed993c4818adb13bf4eaa472f306f7f421",
                "sha256:73c86fdbbfc5ae77d0271fb0964f4a3fc639cc2277ffeb60ee4e981fb0d27640",
                "sha256:751021819bdc0cbe5cbd51904abb6ff9e9aee5b0e8955af02284d0e77d6c9ec2",
                "sha256:792f8d1a455d5d1de9c8f2cc051c6dac2b90705afc4cf9fe4933aeb296b0ae3f",
                "sha256:831c906d4a70aa58f9382e79671525805583b58ac8c895b4c4bd066e8858a1a1",
                "sha256:834ee27388563f15e6c736aa4850e4cf95609f67056ee73ff646528bb658e79e",
                "sha256:925e6be8e8c3f1cec016f5a68f369491ae34600e04633759e0e07780ce7bd083",
                "sha256:96a8f61c729d82576ee3d5cfe3b0b91e7b52a4fbf3d618a3b659347eeb4fd937",
                "sha256:97615fb075808b4709f6115e3a11a253bfac78614f430bededbc0ac76a5100af",
                "sha256:c49ece0e4ba71be90ed4bf6a905c35e5c1a95c4c0b0b42eaff74ab69c5793847",
                "sha256:e8626d4d4e7617ebf103d96a493b9cbe53f9b39cd46ecbff232e33ba4a082530",
                "sha256:ea7da8dd7fbc12becccf691b4c76fbb381e369e124c30e21f9ed263b6e7e139a"
            ],
            "index": "pypi",
            "version": "==1.9.3"
        },
        "pygments": {
            "hashes": [
                "sha256:71e430bc85c88a430f000ac1d9b331d2407f681d6f6aec95e8bcfbc3df5b0127",
                "sha256:881c4c157e45f30af185c1ffe8d549d48ac9127433f2c380c24b84572ad66297"
            ],
            "version": "==2.4.2"
        },
        "requests": {
            "hashes": [
                "sha256:11e007a8a2aa0323f5a921e9e6a2d7e4e67d9877e85773fba9ba6419025cbeb4",
                "sha256:9cf5292fcd0f598c671cfc1e0d7d1a7f13bb8085e9a590f48c010551dc6c4b31"
            ],
            "version": "==2.22.0"
        },
        "urllib3": {
            "hashes": [
                "sha256:4c291ca23bbb55c76518905869ef34bdd5f0e46af7afe6861e8375643ffee1a0",
                "sha256:9a247273df709c4fedb38c711e44292304f73f39ab01beda9f6b9fc375669ac3"
            ],
            "index": "pypi",
            "version": "==1.24.2"
        }
    },
    "develop": {}
}
